{
    "hash": "186137904eb58d54b393faf2759ec849",
    "packages": [
        {
            "name": "predis/predis",
            "version": "dev-master",
            "source": {
                "type": "git",
                "url": "git://github.com/nrk/predis.git",
                "reference": "v0.8.1"
            },
            "dist": {
                "type": "zip",
                "url": "https://github.com/nrk/predis/archive/v0.8.1.zip",
                "reference": "v0.8.1",
                "shasum": ""
            },
            "require": {
                "php": ">=5.3.2"
            },
            "suggest": {
                "ext-phpiredis": "Allows faster serialization and deserialization of the Redis protocol",
                "ext-curl": "Allows access to Webdis when paired with phpiredis"
            },
            "time": "2013-01-19 10:18:58",
            "type": "library",
            "installation-source": "source",
            "autoload": {
                "psr-0": {
                    "Predis": "lib/"
                }
            },
            "license": [
                "MIT"
            ],
            "authors": [
                {
                    "name": "Daniele Alessandri",
                    "email": "suppakilla@gmail.com",
                    "homepage": "http://clorophilla.net"
                }
            ],
            "description": "Flexible and feature-complete PHP client library for Redis",
            "homepage": "http://github.com/nrk/predis",
            "keywords": [
                "nosql",
                "redis",
                "predis"
            ]
        }
    ],
    "packages-dev": null,
    "aliases": [

    ],
    "minimum-stability": "dev",
    "stability-flags": [

    ]
}
